
Microsoft Visual Studio Solution File, Format Version 12.00
# Visual Studio Version 16
VisualStudioVersion = 16.0.808.7
MinimumVisualStudioVersion = 10.0.40219.1
Project("{FAE04EC0-301F-11D3-BF4B-00C04F79EFBC}") = "Thibodeau_Ashley_CE02.Android", "Thibodeau_Ashley_CE02.Android\Thibodeau_Ashley_CE02.Android.csproj", "{8B8AB347-7DA9-4950-BABA-92F07DF3CB90}"
EndProject
Project("{FAE04EC0-301F-11D3-BF4B-00C04F79EFBC}") = "Thibodeau_Ashley_CE02.iOS", "Thibodeau_Ashley_CE02.iOS\Thibodeau_Ashley_CE02.iOS.csproj", "{503CDFC5-3D1B-4C7C-B646-9B403AAD8361}"
EndProject
Project("{FAE04EC0-301F-11D3-BF4B-00C04F79EFBC}") = "Thibodeau_Ashley_CE02", "Thibodeau_Ashley_CE02\Thibodeau_Ashley_CE02.csproj", "{E28E5B3F-CB95-4721-B193-130D1B198F5E}"
EndProject
Global
	GlobalSection(SolutionConfigurationPlatforms) = preSolution
		Debug|Any CPU = Debug|Any CPU
		Release|Any CPU = Release|Any CPU
		Debug|iPhoneSimulator = Debug|iPhoneSimulator
		Release|iPhoneSimulator = Release|iPhoneSimulator
		Debug|iPhone = Debug|iPhone
		Release|iPhone = Release|iPhone
	EndGlobalSection
	GlobalSection(ProjectConfigurationPlatforms) = postSolution
		{8B8AB347-7DA9-4950-BABA-92F07DF3CB90}.Debug|Any CPU.ActiveCfg = Debug|Any CPU
		{8B8AB347-7DA9-4950-BABA-92F07DF3CB90}.Debug|Any CPU.Build.0 = Debug|Any CPU
		{8B8AB347-7DA9-4950-BABA-92F07DF3CB90}.Release|Any CPU.ActiveCfg = Release|Any CPU
		{8B8AB347-7DA9-4950-BABA-92F07DF3CB90}.Release|Any CPU.Build.0 = Release|Any CPU
		{8B8AB347-7DA9-4950-BABA-92F07DF3CB90}.Debug|iPhoneSimulator.ActiveCfg = Debug|Any CPU
		{8B8AB347-7DA9-4950-BABA-92F07DF3CB90}.Debug|iPhoneSimulator.Build.0 = Debug|Any CPU
		{8B8AB347-7DA9-4950-BABA-92F07DF3CB90}.Release|iPhoneSimulator.ActiveCfg = Release|Any CPU
		{8B8AB347-7DA9-4950-BABA-92F07DF3CB90}.Release|iPhoneSimulator.Build.0 = Release|Any CPU
		{8B8AB347-7DA9-4950-BABA-92F07DF3CB90}.Debug|iPhone.ActiveCfg = Debug|Any CPU
		{8B8AB347-7DA9-4950-BABA-92F07DF3CB90}.Debug|iPhone.Build.0 = Debug|Any CPU
		{8B8AB347-7DA9-4950-BABA-92F07DF3CB90}.Release|iPhone.ActiveCfg = Release|Any CPU
		{8B8AB347-7DA9-4950-BABA-92F07DF3CB90}.Release|iPhone.Build.0 = Release|Any CPU
		{503CDFC5-3D1B-4C7C-B646-9B403AAD8361}.Debug|Any CPU.ActiveCfg = Debug|iPhoneSimulator
		{503CDFC5-3D1B-4C7C-B646-9B403AAD8361}.Debug|Any CPU.Build.0 = Debug|iPhoneSimulator
		{503CDFC5-3D1B-4C7C-B646-9B403AAD8361}.Release|Any CPU.ActiveCfg = Release|iPhoneSimulator
		{503CDFC5-3D1B-4C7C-B646-9B403AAD8361}.Release|Any CPU.Build.0 = Release|iPhoneSimulator
		{503CDFC5-3D1B-4C7C-B646-9B403AAD8361}.Debug|iPhoneSimulator.ActiveCfg = Debug|iPhoneSimulator
		{503CDFC5-3D1B-4C7C-B646-9B403AAD8361}.Debug|iPhoneSimulator.Build.0 = Debug|iPhoneSimulator
		{503CDFC5-3D1B-4C7C-B646-9B403AAD8361}.Release|iPhoneSimulator.ActiveCfg = Release|iPhoneSimulator
		{503CDFC5-3D1B-4C7C-B646-9B403AAD8361}.Release|iPhoneSimulator.Build.0 = Release|iPhoneSimulator
		{503CDFC5-3D1B-4C7C-B646-9B403AAD8361}.Debug|iPhone.ActiveCfg = Debug|iPhone
		{503CDFC5-3D1B-4C7C-B646-9B403AAD8361}.Debug|iPhone.Build.0 = Debug|iPhone
		{503CDFC5-3D1B-4C7C-B646-9B403AAD8361}.Release|iPhone.ActiveCfg = Release|iPhone
		{503CDFC5-3D1B-4C7C-B646-9B403AAD8361}.Release|iPhone.Build.0 = Release|iPhone
		{E28E5B3F-CB95-4721-B193-130D1B198F5E}.Debug|Any CPU.ActiveCfg = Debug|Any CPU
		{E28E5B3F-CB95-4721-B193-130D1B198F5E}.Debug|Any CPU.Build.0 = Debug|Any CPU
		{E28E5B3F-CB95-4721-B193-130D1B198F5E}.Release|Any CPU.ActiveCfg = Release|Any CPU
		{E28E5B3F-CB95-4721-B193-130D1B198F5E}.Release|Any CPU.Build.0 = Release|Any CPU
		{E28E5B3F-CB95-4721-B193-130D1B198F5E}.Debug|iPhoneSimulator.ActiveCfg = Debug|Any CPU
		{E28E5B3F-CB95-4721-B193-130D1B198F5E}.Debug|iPhoneSimulator.Build.0 = Debug|Any CPU
		{E28E5B3F-CB95-4721-B193-130D1B198F5E}.Release|iPhoneSimulator.ActiveCfg = Release|Any CPU
		{E28E5B3F-CB95-4721-B193-130D1B198F5E}.Release|iPhoneSimulator.Build.0 = Release|Any CPU
		{E28E5B3F-CB95-4721-B193-130D1B198F5E}.Debug|iPhone.ActiveCfg = Debug|Any CPU
		{E28E5B3F-CB95-4721-B193-130D1B198F5E}.Debug|iPhone.Build.0 = Debug|Any CPU
		{E28E5B3F-CB95-4721-B193-130D1B198F5E}.Release|iPhone.ActiveCfg = Release|Any CPU
		{E28E5B3F-CB95-4721-B193-130D1B198F5E}.Release|iPhone.Build.0 = Release|Any CPU
	EndGlobalSection
	GlobalSection(SolutionProperties) = preSolution
		HideSolutionNode = FALSE
	EndGlobalSection
	GlobalSection(ExtensibilityGlobals) = postSolution
		SolutionGuid = {F5C540E7-6D7A-41CB-AF53-74AA3A9C0BF1}
	EndGlobalSection
EndGlobal
